
Microsoft Visual Studio Solution File, Format Version 12.00
# Visual Studio Version 16
VisualStudioVersion = 16.0.30406.217
MinimumVisualStudioVersion = 10.0.40219.1
Project("{9A19103F-16F7-4668-BE54-9A1E7A4F7556}") = "Schultiesz.HouseholdBudget.UI", "src\HouseholdBudget\Schultiesz.HouseholdBudget.UI\Schultiesz.HouseholdBudget.UI.csproj", "{CE80CEF2-B9C1-483F-9F43-F370AFAB6B29}"
EndProject
Project("{2150E333-8FDC-42A3-9474-1A3956D46DE8}") = "Document", "Document", "{52D351A6-0BD8-46BF-BD13-DF983E78797A}"
EndProject
Project("{9A19103F-16F7-4668-BE54-9A1E7A4F7556}") = "Schulteisz.Document.Processor", "src\DocumentProcessing\Schulteisz.Document.Processor\Schulteisz.Document.Processor.csproj", "{595E652E-6234-4FFC-8C75-26A3C136718A}"
EndProject
Project("{2150E333-8FDC-42A3-9474-1A3956D46DE8}") = "Tests", "Tests", "{EB7AC55B-9F17-4550-922E-1B0D7807B22C}"
EndProject
Project("{9A19103F-16F7-4668-BE54-9A1E7A4F7556}") = "Schulteisz.Document.Processor.Test", "Tests\Schulteisz.Document.Processor.Test\Schulteisz.Document.Processor.Test.csproj", "{F6C4131E-E4C4-43FC-B047-584445679044}"
EndProject
Project("{9A19103F-16F7-4668-BE54-9A1E7A4F7556}") = "Schulteisz.Document.PdfReader", "src\DocumentProcessing\Schulteisz.Document.PdfReader\Schulteisz.Document.PdfReader.csproj", "{2F522931-2110-48EC-8E23-DB4FFFF7FF68}"
EndProject
Project("{9A19103F-16F7-4668-BE54-9A1E7A4F7556}") = "Schulteisz.Document.Interfaces", "src\DocumentProcessing\Schulteisz.Document.Interfaces\Schulteisz.Document.Interfaces.csproj", "{A43F729E-B480-4B75-B852-5CD0B6324715}"
EndProject
Project("{FAE04EC0-301F-11D3-BF4B-00C04F79EFBC}") = "Schulteisz.Document.PdfReader.Test", "Tests\Schulteisz.Document.PdfReader.Test\Schulteisz.Document.PdfReader.Test.csproj", "{66DD397B-B8EA-4F1D-9AB3-66DDA30AF40D}"
EndProject
Global
	GlobalSection(SolutionConfigurationPlatforms) = preSolution
		Debug|Any CPU = Debug|Any CPU
		Debug|x64 = Debug|x64
		Debug|x86 = Debug|x86
		Release|Any CPU = Release|Any CPU
		Release|x64 = Release|x64
		Release|x86 = Release|x86
	EndGlobalSection
	GlobalSection(ProjectConfigurationPlatforms) = postSolution
		{CE80CEF2-B9C1-483F-9F43-F370AFAB6B29}.Debug|Any CPU.ActiveCfg = Debug|Any CPU
		{CE80CEF2-B9C1-483F-9F43-F370AFAB6B29}.Debug|Any CPU.Build.0 = Debug|Any CPU
		{CE80CEF2-B9C1-483F-9F43-F370AFAB6B29}.Debug|x64.ActiveCfg = Debug|x64
		{CE80CEF2-B9C1-483F-9F43-F370AFAB6B29}.Debug|x64.Build.0 = Debug|x64
		{CE80CEF2-B9C1-483F-9F43-F370AFAB6B29}.Debug|x86.ActiveCfg = Debug|x86
		{CE80CEF2-B9C1-483F-9F43-F370AFAB6B29}.Debug|x86.Build.0 = Debug|x86
		{CE80CEF2-B9C1-483F-9F43-F370AFAB6B29}.Release|Any CPU.ActiveCfg = Release|Any CPU
		{CE80CEF2-B9C1-483F-9F43-F370AFAB6B29}.Release|Any CPU.Build.0 = Release|Any CPU
		{CE80CEF2-B9C1-483F-9F43-F370AFAB6B29}.Release|x64.ActiveCfg = Release|x64
		{CE80CEF2-B9C1-483F-9F43-F370AFAB6B29}.Release|x64.Build.0 = Release|x64
		{CE80CEF2-B9C1-483F-9F43-F370AFAB6B29}.Release|x86.ActiveCfg = Release|x86
		{CE80CEF2-B9C1-483F-9F43-F370AFAB6B29}.Release|x86.Build.0 = Release|x86
		{595E652E-6234-4FFC-8C75-26A3C136718A}.Debug|Any CPU.ActiveCfg = Debug|Any CPU
		{595E652E-6234-4FFC-8C75-26A3C136718A}.Debug|Any CPU.Build.0 = Debug|Any CPU
		{595E652E-6234-4FFC-8C75-26A3C136718A}.Debug|x64.ActiveCfg = Debug|x64
		{595E652E-6234-4FFC-8C75-26A3C136718A}.Debug|x64.Build.0 = Debug|x64
		{595E652E-6234-4FFC-8C75-26A3C136718A}.Debug|x86.ActiveCfg = Debug|x86
		{595E652E-6234-4FFC-8C75-26A3C136718A}.Debug|x86.Build.0 = Debug|x86
		{595E652E-6234-4FFC-8C75-26A3C136718A}.Release|Any CPU.ActiveCfg = Release|Any CPU
		{595E652E-6234-4FFC-8C75-26A3C136718A}.Release|Any CPU.Build.0 = Release|Any CPU
		{595E652E-6234-4FFC-8C75-26A3C136718A}.Release|x64.ActiveCfg = Release|x64
		{595E652E-6234-4FFC-8C75-26A3C136718A}.Release|x64.Build.0 = Release|x64
		{595E652E-6234-4FFC-8C75-26A3C136718A}.Release|x86.ActiveCfg = Release|x86
		{595E652E-6234-4FFC-8C75-26A3C136718A}.Release|x86.Build.0 = Release|x86
		{F6C4131E-E4C4-43FC-B047-584445679044}.Debug|Any CPU.ActiveCfg = Debug|Any CPU
		{F6C4131E-E4C4-43FC-B047-584445679044}.Debug|Any CPU.Build.0 = Debug|Any CPU
		{F6C4131E-E4C4-43FC-B047-584445679044}.Debug|x64.ActiveCfg = Debug|Any CPU
		{F6C4131E-E4C4-43FC-B047-584445679044}.Debug|x64.Build.0 = Debug|Any CPU
		{F6C4131E-E4C4-43FC-B047-584445679044}.Debug|x86.ActiveCfg = Debug|Any CPU
		{F6C4131E-E4C4-43FC-B047-584445679044}.Debug|x86.Build.0 = Debug|Any CPU
		{F6C4131E-E4C4-43FC-B047-584445679044}.Release|Any CPU.ActiveCfg = Release|Any CPU
		{F6C4131E-E4C4-43FC-B047-584445679044}.Release|Any CPU.Build.0 = Release|Any CPU
		{F6C4131E-E4C4-43FC-B047-584445679044}.Release|x64.ActiveCfg = Release|Any CPU
		{F6C4131E-E4C4-43FC-B047-584445679044}.Release|x64.Build.0 = Release|Any CPU
		{F6C4131E-E4C4-43FC-B047-584445679044}.Release|x86.ActiveCfg = Release|Any CPU
		{F6C4131E-E4C4-43FC-B047-584445679044}.Release|x86.Build.0 = Release|Any CPU
		{2F522931-2110-48EC-8E23-DB4FFFF7FF68}.Debug|Any CPU.ActiveCfg = Debug|Any CPU
		{2F522931-2110-48EC-8E23-DB4FFFF7FF68}.Debug|Any CPU.Build.0 = Debug|Any CPU
		{2F522931-2110-48EC-8E23-DB4FFFF7FF68}.Debug|x64.ActiveCfg = Debug|x64
		{2F522931-2110-48EC-8E23-DB4FFFF7FF68}.Debug|x64.Build.0 = Debug|x64
		{2F522931-2110-48EC-8E23-DB4FFFF7FF68}.Debug|x86.ActiveCfg = Debug|x86
		{2F522931-2110-48EC-8E23-DB4FFFF7FF68}.Debug|x86.Build.0 = Debug|x86
		{2F522931-2110-48EC-8E23-DB4FFFF7FF68}.Release|Any CPU.ActiveCfg = Release|Any CPU
		{2F522931-2110-48EC-8E23-DB4FFFF7FF68}.Release|Any CPU.Build.0 = Release|Any CPU
		{2F522931-2110-48EC-8E23-DB4FFFF7FF68}.Release|x64.ActiveCfg = Release|x64
		{2F522931-2110-48EC-8E23-DB4FFFF7FF68}.Release|x64.Build.0 = Release|x64
		{2F522931-2110-48EC-8E23-DB4FFFF7FF68}.Release|x86.ActiveCfg = Release|x86
		{2F522931-2110-48EC-8E23-DB4FFFF7FF68}.Release|x86.Build.0 = Release|x86
		{A43F729E-B480-4B75-B852-5CD0B6324715}.Debug|Any CPU.ActiveCfg = Debug|Any CPU
		{A43F729E-B480-4B75-B852-5CD0B6324715}.Debug|Any CPU.Build.0 = Debug|Any CPU
		{A43F729E-B480-4B75-B852-5CD0B6324715}.Debug|x64.ActiveCfg = Debug|x64
		{A43F729E-B480-4B75-B852-5CD0B6324715}.Debug|x64.Build.0 = Debug|x64
		{A43F729E-B480-4B75-B852-5CD0B6324715}.Debug|x86.ActiveCfg = Debug|x86
		{A43F729E-B480-4B75-B852-5CD0B6324715}.Debug|x86.Build.0 = Debug|x86
		{A43F729E-B480-4B75-B852-5CD0B6324715}.Release|Any CPU.ActiveCfg = Release|Any CPU
		{A43F729E-B480-4B75-B852-5CD0B6324715}.Release|Any CPU.Build.0 = Release|Any CPU
		{A43F729E-B480-4B75-B852-5CD0B6324715}.Release|x64.ActiveCfg = Release|x64
		{A43F729E-B480-4B75-B852-5CD0B6324715}.Release|x64.Build.0 = Release|x64
		{A43F729E-B480-4B75-B852-5CD0B6324715}.Release|x86.ActiveCfg = Release|x86
		{A43F729E-B480-4B75-B852-5CD0B6324715}.Release|x86.Build.0 = Release|x86
		{66DD397B-B8EA-4F1D-9AB3-66DDA30AF40D}.Debug|Any CPU.ActiveCfg = Debug|Any CPU
		{66DD397B-B8EA-4F1D-9AB3-66DDA30AF40D}.Debug|Any CPU.Build.0 = Debug|Any CPU
		{66DD397B-B8EA-4F1D-9AB3-66DDA30AF40D}.Debug|x64.ActiveCfg = Debug|Any CPU
		{66DD397B-B8EA-4F1D-9AB3-66DDA30AF40D}.Debug|x64.Build.0 = Debug|Any CPU
		{66DD397B-B8EA-4F1D-9AB3-66DDA30AF40D}.Debug|x86.ActiveCfg = Debug|Any CPU
		{66DD397B-B8EA-4F1D-9AB3-66DDA30AF40D}.Debug|x86.Build.0 = Debug|Any CPU
		{66DD397B-B8EA-4F1D-9AB3-66DDA30AF40D}.Release|Any CPU.ActiveCfg = Release|Any CPU
		{66DD397B-B8EA-4F1D-9AB3-66DDA30AF40D}.Release|Any CPU.Build.0 = Release|Any CPU
		{66DD397B-B8EA-4F1D-9AB3-66DDA30AF40D}.Release|x64.ActiveCfg = Release|Any CPU
		{66DD397B-B8EA-4F1D-9AB3-66DDA30AF40D}.Release|x64.Build.0 = Release|Any CPU
		{66DD397B-B8EA-4F1D-9AB3-66DDA30AF40D}.Release|x86.ActiveCfg = Release|Any CPU
		{66DD397B-B8EA-4F1D-9AB3-66DDA30AF40D}.Release|x86.Build.0 = Release|Any CPU
	EndGlobalSection
	GlobalSection(SolutionProperties) = preSolution
		HideSolutionNode = FALSE
	EndGlobalSection
	GlobalSection(NestedProjects) = preSolution
		{595E652E-6234-4FFC-8C75-26A3C136718A} = {52D351A6-0BD8-46BF-BD13-DF983E78797A}
		{F6C4131E-E4C4-43FC-B047-584445679044} = {EB7AC55B-9F17-4550-922E-1B0D7807B22C}
		{2F522931-2110-48EC-8E23-DB4FFFF7FF68} = {52D351A6-0BD8-46BF-BD13-DF983E78797A}
		{A43F729E-B480-4B75-B852-5CD0B6324715} = {52D351A6-0BD8-46BF-BD13-DF983E78797A}
		{66DD397B-B8EA-4F1D-9AB3-66DDA30AF40D} = {EB7AC55B-9F17-4550-922E-1B0D7807B22C}
	EndGlobalSection
	GlobalSection(ExtensibilityGlobals) = postSolution
		SolutionGuid = {762C93C3-6AE4-4F4D-ABDF-869E11F921A0}
	EndGlobalSection
EndGlobal
